speakeasyVersion: 1.502.0
sources:
    openapi.json:
        sourceNamespace: openapi-json
        sourceRevisionDigest: sha256:83e021194e979ce5e09b4fb40d4be9c512b257312cd6bffd3c5da004eea9693c
        sourceBlobDigest: sha256:da0ac8cdbbd16ac86b303c280b3c558f5af2cec4ea05c86d3ece6bc3e3c42589
        tags:
            - latest
            - speakeasy-sdk-regen-1738542651
            - 1.0.0
targets:
    go:
        source: openapi.json
        sourceNamespace: openapi-json
        sourceRevisionDigest: sha256:83e021194e979ce5e09b4fb40d4be9c512b257312cd6bffd3c5da004eea9693c
        sourceBlobDigest: sha256:da0ac8cdbbd16ac86b303c280b3c558f5af2cec4ea05c86d3ece6bc3e3c42589
        codeSamplesNamespace: openapi-json-go-code-samples
        codeSamplesRevisionDigest: sha256:afeffba69f8f662a1927530c5bed9af4bd017929b7eaece7763b60cc2773d0b1
workflow:
    workflowVersion: 1.0.0
    speakeasyVersion: latest
    sources:
        openapi.json:
            inputs:
                - location: https://api.unkey.dev/openapi.json
            registry:
                location: registry.speakeasyapi.dev/unkey/unkey/openapi-json
    targets:
        go:
            target: go
            source: openapi.json
            codeSamples:
                registry:
                    location: registry.speakeasyapi.dev/unkey/unkey/openapi-json-go-code-samples
                blocking: false
