speakeasyVersion: 1.508.0
sources:
    openapi.json:
        sourceNamespace: openapi-json
        sourceRevisionDigest: sha256:115d9ab6a60a3049273904fdd12749bfaba8e56159b596427d6e4268f53771f8
        sourceBlobDigest: sha256:f25b1acd75f40c5b45dffe51ee04a492295c542ef32ef8bb62f4f8c47c41d557
        tags:
            - latest
            - speakeasy-sdk-regen-1738542651
            - 1.0.0
targets:
    go:
        source: openapi.json
        sourceNamespace: openapi-json
        sourceRevisionDigest: sha256:115d9ab6a60a3049273904fdd12749bfaba8e56159b596427d6e4268f53771f8
        sourceBlobDigest: sha256:f25b1acd75f40c5b45dffe51ee04a492295c542ef32ef8bb62f4f8c47c41d557
        codeSamplesNamespace: openapi-json-go-code-samples
        codeSamplesRevisionDigest: sha256:6d87c062387d05130746460d3c3f0cafb5ff62225362f52c5c767a55f8197493
workflow:
    workflowVersion: 1.0.0
    speakeasyVersion: latest
    sources:
        openapi.json:
            inputs:
                - location: https://api.unkey.dev/openapi.json
            registry:
                location: registry.speakeasyapi.dev/unkey/unkey/openapi-json
    targets:
        go:
            target: go
            source: openapi.json
            codeSamples:
                registry:
                    location: registry.speakeasyapi.dev/unkey/unkey/openapi-json-go-code-samples
                blocking: false
