speakeasyVersion: 1.422.1
sources:
    openapi.json:
        sourceNamespace: openapi-json
        sourceRevisionDigest: sha256:83052d10b562ee373d66b562b62e25ef9cc1b75b88c8fef8e05b48c99efb53d0
        sourceBlobDigest: sha256:43668944807ad4c9cb429c37c516be26fe2a14b9165957d22d277e6eee6ed55c
        tags:
            - latest
            - main
targets:
    go:
        source: openapi.json
        sourceNamespace: openapi-json
        sourceRevisionDigest: sha256:83052d10b562ee373d66b562b62e25ef9cc1b75b88c8fef8e05b48c99efb53d0
        sourceBlobDigest: sha256:43668944807ad4c9cb429c37c516be26fe2a14b9165957d22d277e6eee6ed55c
        codeSamplesNamespace: openapi-json-code-samples
        codeSamplesRevisionDigest: sha256:6120e6bd38b7b13362ae9167c517e492d8afb26c9ca537184ce393ee4b8aa23f
workflow:
    workflowVersion: 1.0.0
    speakeasyVersion: latest
    sources:
        openapi.json:
            inputs:
                - location: https://api.unkey.dev/openapi.json
            registry:
                location: registry.speakeasyapi.dev/unkey/unkey/openapi-json
    targets:
        go:
            target: go
            source: openapi.json
            codeSamples:
                registry:
                    location: registry.speakeasyapi.dev/unkey/unkey/openapi-json-code-samples
                blocking: false
